
Microsoft Visual Studio Solution File, Format Version 12.00
# Visual Studio Version 17
VisualStudioVersion = 17.4.33110.190
MinimumVisualStudioVersion = 10.0.40219.1
Project("{9A19103F-16F7-4668-BE54-9A1E7A4F7556}") = "WinProApp", "WinProApp\WinProApp.csproj", "{3FA92B57-0498-4C6F-AC05-DD76FCCDB0C3}"
EndProject
Project("{2150E333-8FDC-42A3-9474-1A3956D46DE8}") = "Solution Items", "Solution Items", "{BD4EBBE1-55F3-43CC-96DD-D1CAC4964737}"
	ProjectSection(SolutionItems) = preProject
		.editorconfig = .editorconfig
	EndProjectSection
EndProject
Global
	GlobalSection(SolutionConfigurationPlatforms) = preSolution
		Debug|Any CPU = Debug|Any CPU
		Debug|x64 = Debug|x64
		Release|Any CPU = Release|Any CPU
		Release|x64 = Release|x64
	EndGlobalSection
	GlobalSection(ProjectConfigurationPlatforms) = postSolution
		{3FA92B57-0498-4C6F-AC05-DD76FCCDB0C3}.Debug|Any CPU.ActiveCfg = Debug|Any CPU
		{3FA92B57-0498-4C6F-AC05-DD76FCCDB0C3}.Debug|Any CPU.Build.0 = Debug|Any CPU
		{3FA92B57-0498-4C6F-AC05-DD76FCCDB0C3}.Debug|x64.ActiveCfg = Debug|x64
		{3FA92B57-0498-4C6F-AC05-DD76FCCDB0C3}.Debug|x64.Build.0 = Debug|x64
		{3FA92B57-0498-4C6F-AC05-DD76FCCDB0C3}.Release|Any CPU.ActiveCfg = Release|Any CPU
		{3FA92B57-0498-4C6F-AC05-DD76FCCDB0C3}.Release|Any CPU.Build.0 = Release|Any CPU
		{3FA92B57-0498-4C6F-AC05-DD76FCCDB0C3}.Release|x64.ActiveCfg = Release|x64
		{3FA92B57-0498-4C6F-AC05-DD76FCCDB0C3}.Release|x64.Build.0 = Release|x64
	EndGlobalSection
	GlobalSection(SolutionProperties) = preSolution
		HideSolutionNode = FALSE
	EndGlobalSection
	GlobalSection(ExtensibilityGlobals) = postSolution
		SolutionGuid = {81677E69-4EDA-4CCE-A137-7006738A1A71}
	EndGlobalSection
EndGlobal
